// !$*UTF8*$!
{
	archiveVersion = 1;
	classes = {
	};
	objectVersion = 46;
	objects = {

/* Begin PBXBuildFile section */
		96B1E6BD1B064C73002A81FC /* main.m in Sources */ = {isa = PBXBuildFile; fileRef = 96B1E6BC1B064C73002A81FC /* main.m */; };
		96B1E6C01B064C73002A81FC /* AppDelegate.m in Sources */ = {isa = PBXBuildFile; fileRef = 96B1E6BF1B064C73002A81FC /* AppDelegate.m */; };
		96B1E6C61B064C73002A81FC /* Main.storyboard in Resources */ = {isa = PBXBuildFile; fileRef = 96B1E6C41B064C73002A81FC /* Main.storyboard */; };
		96B1E6C81B064C73002A81FC /* Images.xcassets in Resources */ = {isa = PBXBuildFile; fileRef = 96B1E6C71B064C73002A81FC /* Images.xcassets */; };
		96B1E6CB1B064C73002A81FC /* LaunchScreen.xib in Resources */ = {isa = PBXBuildFile; fileRef = 96B1E6C91B064C73002A81FC /* LaunchScreen.xib */; };
		96B1E6D71B064C73002A81FC /* TipCalculatorTests.m in Sources */ = {isa = PBXBuildFile; fileRef = 96B1E6D61B064C73002A81FC /* TipCalculatorTests.m */; };
		96B1E6E51B06704B002A81FC /* TipViewController.m in Sources */ = {isa = PBXBuildFile; fileRef = 96B1E6E41B06704B002A81FC /* TipViewController.m */; };
/* End PBXBuildFile section */

/* Begin PBXContainerItemProxy section */
		96B1E6D11B064C73002A81FC /* PBXContainerItemProxy */ = {
			isa = PBXContainerItemProxy;
			containerPortal = 96B1E6AF1B064C73002A81FC /* Project object */;
			proxyType = 1;
			remoteGlobalIDString = 96B1E6B61B064C73002A81FC;
			remoteInfo = TipCalculator;
		};
/* End PBXContainerItemProxy section */

/* Begin PBXFileReference section */
		96B1E6B71B064C73002A81FC /* TipCalculator.app */ = {isa = PBXFileReference; explicitFileType = wrapper.application; includeInIndex = 0; path = TipCalculator.app; sourceTree = BUILT_PRODUCTS_DIR; };
		96B1E6BB1B064C73002A81FC /* Info.plist */ = {isa = PBXFileReference; lastKnownFileType = text.plist.xml; path = Info.plist; sourceTree = "<group>"; };
		96B1E6BC1B064C73002A81FC /* main.m */ = {isa = PBXFileReference; lastKnownFileType = sourcecode.c.objc; path = main.m; sourceTree = "<group>"; };
		96B1E6BE1B064C73002A81FC /* AppDelegate.h */ = {isa = PBXFileReference; lastKnownFileType = sourcecode.c.h; path = AppDelegate.h; sourceTree = "<group>"; };
		96B1E6BF1B064C73002A81FC /* AppDelegate.m */ = {isa = PBXFileReference; lastKnownFileType = sourcecode.c.objc; path = AppDelegate.m; sourceTree = "<group>"; };
		96B1E6C51B064C73002A81FC /* Base */ = {isa = PBXFileReference; lastKnownFileType = file.storyboard; name = Base; path = Base.lproj/Main.storyboard; sourceTree = "<group>"; };
		96B1E6C71B064C73002A81FC /* Images.xcassets */ = {isa = PBXFileReference; lastKnownFileType = folder.assetcatalog; path = Images.xcassets; sourceTree = "<group>"; };
		96B1E6CA1B064C73002A81FC /* Base */ = {isa = PBXFileReference; lastKnownFileType = file.xib; name = Base; path = Base.lproj/LaunchScreen.xib; sourceTree = "<group>"; };
		96B1E6D01B064C73002A81FC /* TipCalculatorTests.xctest */ = {isa = PBXFileReference; explicitFileType = wrapper.cfbundle; includeInIndex = 0; path = TipCalculatorTests.xctest; sourceTree = BUILT_PRODUCTS_DIR; };
		96B1E6D51B064C73002A81FC /* Info.plist */ = {isa = PBXFileReference; lastKnownFileType = text.plist.xml; path = Info.plist; sourceTree = "<group>"; };
		96B1E6D61B064C73002A81FC /* TipCalculatorTests.m */ = {isa = PBXFileReference; lastKnownFileType = sourcecode.c.objc; path = TipCalculatorTests.m; sourceTree = "<group>"; };
		96B1E6E31B06704B002A81FC /* TipViewController.h */ = {isa = PBXFileReference; fileEncoding = 4; lastKnownFileType = sourcecode.c.h; path = TipViewController.h; sourceTree = "<group>"; };
		96B1E6E41B06704B002A81FC /* TipViewController.m */ = {isa = PBXFileReference; fileEncoding = 4; lastKnownFileType = sourcecode.c.objc; path = TipViewController.m; sourceTree = "<group>"; };
/* End PBXFileReference section */

/* Begin PBXFrameworksBuildPhase section */
		96B1E6B41B064C73002A81FC /* Frameworks */ = {
			isa = PBXFrameworksBuildPhase;
			buildActionMask = 2147483647;
			files = (
			);
			runOnlyForDeploymentPostprocessing = 0;
		};
		96B1E6CD1B064C73002A81FC /* Frameworks */ = {
			isa = PBXFrameworksBuildPhase;
			buildActionMask = 2147483647;
			files = (
			);
			runOnlyForDeploymentPostprocessing = 0;
		};
/* End PBXFrameworksBuildPhase section */

/* Begin PBXGroup section */
		96B1E6AE1B064C73002A81FC = {
			isa = PBXGroup;
			children = (
				96B1E6B91B064C73002A81FC /* TipCalculator */,
				96B1E6D31B064C73002A81FC /* TipCalculatorTests */,
				96B1E6B81B064C73002A81FC /* Products */,
			);
			sourceTree = "<group>";
		};
		96B1E6B81B064C73002A81FC /* Products */ = {
			isa = PBXGroup;
			children = (
				96B1E6B71B064C73002A81FC /* TipCalculator.app */,
				96B1E6D01B064C73002A81FC /* TipCalculatorTests.xctest */,
			);
			name = Products;
			sourceTree = "<group>";
		};
		96B1E6B91B064C73002A81FC /* TipCalculator */ = {
			isa = PBXGroup;
			children = (
				96B1E6BE1B064C73002A81FC /* AppDelegate.h */,
				96B1E6BF1B064C73002A81FC /* AppDelegate.m */,
				96B1E6E31B06704B002A81FC /* TipViewController.h */,
				96B1E6E41B06704B002A81FC /* TipViewController.m */,
				96B1E6C41B064C73002A81FC /* Main.storyboard */,
				96B1E6C71B064C73002A81FC /* Images.xcassets */,
				96B1E6C91B064C73002A81FC /* LaunchScreen.xib */,
				96B1E6BA1B064C73002A81FC /* Supporting Files */,
			);
			path = TipCalculator;
			sourceTree = "<group>";
		};
		96B1E6BA1B064C73002A81FC /* Supporting Files */ = {
			isa = PBXGroup;
			children = (
				96B1E6BB1B064C73002A81FC /* Info.plist */,
				96B1E6BC1B064C73002A81FC /* main.m */,
			);
			name = "Supporting Files";
			sourceTree = "<group>";
		};
		96B1E6D31B064C73002A81FC /* TipCalculatorTests */ = {
			isa = PBXGroup;
			children = (
				96B1E6D61B064C73002A81FC /* TipCalculatorTests.m */,
				96B1E6D41B064C73002A81FC /* Supporting Files */,
			);
			path = TipCalculatorTests;
			sourceTree = "<group>";
		};
		96B1E6D41B064C73002A81FC /* Supporting Files */ = {
			isa = PBXGroup;
			children = (
				96B1E6D51B064C73002A81FC /* Info.plist */,
			);
			name = "Supporting Files";
			sourceTree = "<group>";
		};
/* End PBXGroup section */

/* Begin PBXNativeTarget section */
		96B1E6B61B064C73002A81FC /* TipCalculator */ = {
			isa = PBXNativeTarget;
			buildConfigurationList = 96B1E6DA1B064C73002A81FC /* Build configuration list for PBXNativeTarget "TipCalculator" */;
			buildPhases = (
				96B1E6B31B064C73002A81FC /* Sources */,
				96B1E6B41B064C73002A81FC /* Frameworks */,
				96B1E6B51B064C73002A81FC /* Resources */,
			);
			buildRules = (
			);
			dependencies = (
			);
			name = TipCalculator;
			productName = TipCalculator;
			productReference = 96B1E6B71B064C73002A81FC /* TipCalculator.app */;
			productType = "com.apple.product-type.application";
		};
		96B1E6CF1B064C73002A81FC /* TipCalculatorTests */ = {
			isa = PBXNativeTarget;
			buildConfigurationList = 96B1E6DD1B064C73002A81FC /* Build configuration list for PBXNativeTarget "TipCalculatorTests" */;
			buildPhases = (
				96B1E6CC1B064C73002A81FC /* Sources */,
				96B1E6CD1B064C73002A81FC /* Frameworks */,
				96B1E6CE1B064C73002A81FC /* Resources */,
			);
			buildRules = (
			);
			dependencies = (
				96B1E6D21B064C73002A81FC /* PBXTargetDependency */,
			);
			name = TipCalculatorTests;
			productName = TipCalculatorTests;
			productReference = 96B1E6D01B064C73002A81FC /* TipCalculatorTests.xctest */;
			productType = "com.apple.product-type.bundle.unit-test";
		};
/* End PBXNativeTarget section */

/* Begin PBXProject section */
		96B1E6AF1B064C73002A81FC /* Project object */ = {
			isa = PBXProject;
			attributes = {
				LastUpgradeCheck = 0630;
				ORGANIZATIONNAME = vinny.co;
				TargetAttributes = {
					96B1E6B61B064C73002A81FC = {
						CreatedOnToolsVersion = 6.3.1;
					};
					96B1E6CF1B064C73002A81FC = {
						CreatedOnToolsVersion = 6.3.1;
						TestTargetID = 96B1E6B61B064C73002A81FC;
					};
				};
			};
			buildConfigurationList = 96B1E6B21B064C73002A81FC /* Build configuration list for PBXProject "TipCalculator" */;
			compatibilityVersion = "Xcode 3.2";
			developmentRegion = English;
			hasScannedForEncodings = 0;
			knownRegions = (
				en,
				Base,
			);
			mainGroup = 96B1E6AE1B064C73002A81FC;
			productRefGroup = 96B1E6B81B064C73002A81FC /* Products */;
			projectDirPath = "";
			projectRoot = "";
			targets = (
				96B1E6B61B064C73002A81FC /* TipCalculator */,
				96B1E6CF1B064C73002A81FC /* TipCalculatorTests */,
			);
		};
/* End PBXProject section */

/* Begin PBXResourcesBuildPhase section */
		96B1E6B51B064C73002A81FC /* Resources */ = {
			isa = PBXResourcesBuildPhase;
			buildActionMask = 2147483647;
			files = (
				96B1E6C61B064C73002A81FC /* Main.storyboard in Resources */,
				96B1E6CB1B064C73002A81FC /* LaunchScreen.xib in Resources */,
				96B1E6C81B064C73002A81FC /* Images.xcassets in Resources */,
			);
			runOnlyForDeploymentPostprocessing = 0;
		};
		96B1E6CE1B064C73002A81FC /* Resources */ = {
			isa = PBXResourcesBuildPhase;
			buildActionMask = 2147483647;
			files = (
			);
			runOnlyForDeploymentPostprocessing = 0;
		};
/* End PBXResourcesBuildPhase section */

/* Begin PBXSourcesBuildPhase section */
		96B1E6B31B064C73002A81FC /* Sources */ = {
			isa = PBXSourcesBuildPhase;
			buildActionMask = 2147483647;
			files = (
				96B1E6C01B064C73002A81FC /* AppDelegate.m in Sources */,
				96B1E6E51B06704B002A81FC /* TipViewController.m in Sources */,
				96B1E6BD1B064C73002A81FC /* main.m in Sources */,
			);
			runOnlyForDeploymentPostprocessing = 0;
		};
		96B1E6CC1B064C73002A81FC /* Sources */ = {
			isa = PBXSourcesBuildPhase;
			buildActionMask = 2147483647;
			files = (
				96B1E6D71B064C73002A81FC /* TipCalculatorTests.m in Sources */,
			);
			runOnlyForDeploymentPostprocessing = 0;
		};
/* End PBXSourcesBuildPhase section */

/* Begin PBXTargetDependency section */
		96B1E6D21B064C73002A81FC /* PBXTargetDependency */ = {
			isa = PBXTargetDependency;
			target = 96B1E6B61B064C73002A81FC /* TipCalculator */;
			targetProxy = 96B1E6D11B064C73002A81FC /* PBXContainerItemProxy */;
		};
/* End PBXTargetDependency section */

/* Begin PBXVariantGroup section */
		96B1E6C41B064C73002A81FC /* Main.storyboard */ = {
			isa = PBXVariantGroup;
			children = (
				96B1E6C51B064C73002A81FC /* Base */,
			);
			name = Main.storyboard;
			sourceTree = "<group>";
		};
		96B1E6C91B064C73002A81FC /* LaunchScreen.xib */ = {
			isa = PBXVariantGroup;
			children = (
				96B1E6CA1B064C73002A81FC /* Base */,
			);
			name = LaunchScreen.xib;
			sourceTree = "<group>";
		};
/* End PBXVariantGroup section */

/* Begin XCBuildConfiguration section */
		96B1E6D81B064C73002A81FC /* Debug */ = {
			isa = XCBuildConfiguration;
			buildSettings = {
				ALWAYS_SEARCH_USER_PATHS = NO;
				CLANG_CXX_LANGUAGE_STANDARD = "gnu++0x";
				CLANG_CXX_LIBRARY = "libc++";
				CLANG_ENABLE_MODULES = YES;
				CLANG_ENABLE_OBJC_ARC = YES;
				CLANG_WARN_BOOL_CONVERSION = YES;
				CLANG_WARN_CONSTANT_CONVERSION = YES;
				CLANG_WARN_DIRECT_OBJC_ISA_USAGE = YES_ERROR;
				CLANG_WARN_EMPTY_BODY = YES;
				CLANG_WARN_ENUM_CONVERSION = YES;
				CLANG_WARN_INT_CONVERSION = YES;
				CLANG_WARN_OBJC_ROOT_CLASS = YES_ERROR;
				CLANG_WARN_UNREACHABLE_CODE = YES;
				CLANG_WARN__DUPLICATE_METHOD_MATCH = YES;
				"CODE_SIGN_IDENTITY[sdk=iphoneos*]" = "iPhone Developer";
				COPY_PHASE_STRIP = NO;
				DEBUG_INFORMATION_FORMAT = "dwarf-with-dsym";
				ENABLE_STRICT_OBJC_MSGSEND = YES;
				GCC_C_LANGUAGE_STANDARD = gnu99;
				GCC_DYNAMIC_NO_PIC = NO;
				GCC_NO_COMMON_BLOCKS = YES;
				GCC_OPTIMIZATION_LEVEL = 0;
				GCC_PREPROCESSOR_DEFINITIONS = (
					"DEBUG=1",
					"$(inherited)",
				);
				GCC_SYMBOLS_PRIVATE_EXTERN = NO;
				GCC_WARN_64_TO_32_BIT_CONVERSION = YES;
				GCC_WARN_ABOUT_RETURN_TYPE = YES_ERROR;
				GCC_WARN_UNDECLARED_SELECTOR = YES;
				GCC_WARN_UNINITIALIZED_AUTOS = YES_AGGRESSIVE;
				GCC_WARN_UNUSED_FUNCTION = YES;
				GCC_WARN_UNUSED_VARIABLE = YES;
				IPHONEOS_DEPLOYMENT_TARGET = 8.3;
				MTL_ENABLE_DEBUG_INFO = YES;
				ONLY_ACTIVE_ARCH = YES;
				SDKROOT = iphoneos;
			};
			name = Debug;
		};
		96B1E6D91B064C73002A81FC /* Release */ = {
			isa = XCBuildConfiguration;
			buildSettings = {
				ALWAYS_SEARCH_USER_PATHS = NO;
				CLANG_CXX_LANGUAGE_STANDARD = "gnu++0x";
				CLANG_CXX_LIBRARY = "libc++";
				CLANG_ENABLE_MODULES = YES;
				CLANG_ENABLE_OBJC_ARC = YES;
				CLANG_WARN_BOOL_CONVERSION = YES;
				CLANG_WARN_CONSTANT_CONVERSION = YES;
				CLANG_WARN_DIRECT_OBJC_ISA_USAGE = YES_ERROR;
				CLANG_WARN_EMPTY_BODY = YES;
				CLANG_WARN_ENUM_CONVERSION = YES;
				CLANG_WARN_INT_CONVERSION = YES;
				CLANG_WARN_OBJC_ROOT_CLASS = YES_ERROR;
				CLANG_WARN_UNREACHABLE_CODE = YES;
				CLANG_WARN__DUPLICATE_METHOD_MATCH = YES;
				"CODE_SIGN_IDENTITY[sdk=iphoneos*]" = "iPhone Developer";
				COPY_PHASE_STRIP = NO;
				DEBUG_INFORMATION_FORMAT = "dwarf-with-dsym";
				ENABLE_NS_ASSERTIONS = NO;
				ENABLE_STRICT_OBJC_MSGSEND = YES;
				GCC_C_LANGUAGE_STANDARD = gnu99;
				GCC_NO_COMMON_BLOCKS = YES;
				GCC_WARN_64_TO_32_BIT_CONVERSION = YES;
				GCC_WARN_ABOUT_RETURN_TYPE = YES_ERROR;
				GCC_WARN_UNDECLARED_SELECTOR = YES;
				GCC_WARN_UNINITIALIZED_AUTOS = YES_AGGRESSIVE;
				GCC_WARN_UNUSED_FUNCTION = YES;
				GCC_WARN_UNUSED_VARIABLE = YES;
				IPHONEOS_DEPLOYMENT_TARGET = 8.3;
				MTL_ENABLE_DEBUG_INFO = NO;
				SDKROOT = iphoneos;
				VALIDATE_PRODUCT = YES;
			};
			name = Release;
		};
		96B1E6DB1B064C73002A81FC /* Debug */ = {
			isa = XCBuildConfiguration;
			buildSettings = {
				ASSETCATALOG_COMPILER_APPICON_NAME = AppIcon;
				INFOPLIST_FILE = TipCalculator/Info.plist;
				LD_RUNPATH_SEARCH_PATHS = "$(inherited) @executable_path/Frameworks";
				PRODUCT_NAME = "$(TARGET_NAME)";
			};
			name = Debug;
		};
		96B1E6DC1B064C73002A81FC /* Release */ = {
			isa = XCBuildConfiguration;
			buildSettings = {
				ASSETCATALOG_COMPILER_APPICON_NAME = AppIcon;
				INFOPLIST_FILE = TipCalculator/Info.plist;
				LD_RUNPATH_SEARCH_PATHS = "$(inherited) @executable_path/Frameworks";
				PRODUCT_NAME = "$(TARGET_NAME)";
			};
			name = Release;
		};
		96B1E6DE1B064C73002A81FC /* Debug */ = {
			isa = XCBuildConfiguration;
			buildSettings = {
				BUNDLE_LOADER = "$(TEST_HOST)";
				FRAMEWORK_SEARCH_PATHS = (
					"$(SDKROOT)/Developer/Library/Frameworks",
					"$(inherited)",
				);
				GCC_PREPROCESSOR_DEFINITIONS = (
					"DEBUG=1",
					"$(inherited)",
				);
				INFOPLIST_FILE = TipCalculatorTests/Info.plist;
				LD_RUNPATH_SEARCH_PATHS = "$(inherited) @executable_path/Frameworks @loader_path/Frameworks";
				PRODUCT_NAME = "$(TARGET_NAME)";
				TEST_HOST = "$(BUILT_PRODUCTS_DIR)/TipCalculator.app/TipCalculator";
			};
			name = Debug;
		};
		96B1E6DF1B064C73002A81FC /* Release */ = {
			isa = XCBuildConfiguration;
			buildSettings = {
				BUNDLE_LOADER = "$(TEST_HOST)";
				FRAMEWORK_SEARCH_PATHS = (
					"$(SDKROOT)/Developer/Library/Frameworks",
					"$(inherited)",
				);
				INFOPLIST_FILE = TipCalculatorTests/Info.plist;
				LD_RUNPATH_SEARCH_PATHS = "$(inherited) @executable_path/Frameworks @loader_path/Frameworks";
				PRODUCT_NAME = "$(TARGET_NAME)";
				TEST_HOST = "$(BUILT_PRODUCTS_DIR)/TipCalculator.app/TipCalculator";
			};
			name = Release;
		};
/* End XCBuildConfiguration section */

/* Begin XCConfigurationList section */
		96B1E6B21B064C73002A81FC /* Build configuration list for PBXProject "TipCalculator" */ = {
			isa = XCConfigurationList;
			buildConfigurations = (
				96B1E6D81B064C73002A81FC /* Debug */,
				96B1E6D91B064C73002A81FC /* Release */,
			);
			defaultConfigurationIsVisible = 0;
			defaultConfigurationName = Release;
		};
		96B1E6DA1B064C73002A81FC /* Build configuration list for PBXNativeTarget "TipCalculator" */ = {
			isa = XCConfigurationList;
			buildConfigurations = (
				96B1E6DB1B064C73002A81FC /* Debug */,
				96B1E6DC1B064C73002A81FC /* Release */,
			);
			defaultConfigurationIsVisible = 0;
		};
		96B1E6DD1B064C73002A81FC /* Build configuration list for PBXNativeTarget "TipCalculatorTests" */ = {
			isa = XCConfigurationList;
			buildConfigurations = (
				96B1E6DE1B064C73002A81FC /* Debug */,
				96B1E6DF1B064C73002A81FC /* Release */,
			);
			defaultConfigurationIsVisible = 0;
		};
/* End XCConfigurationList section */
	};
	rootObject = 96B1E6AF1B064C73002A81FC /* Project object */;
}
